redis_source_repository=https://github.com/redis/redis
redis_source_revision=86b20b1b9e5f03d86db72c3d59bec432e471fbc9
redis_source_archive_sha256=cc123e28b60ea1cfc6466f9f69dad8880515197a0f4786098b49304540b27b43
redis_version=8.2.10
redis_license_choice=AGPL-3.0-only
redis_license_sha256=4a0e416b9537688f30dfe69ddaceb2ca64d96b7df02a0a6760d376890ddc4e40
opstree_runtime_repository=https://github.com/OT-CONTAINER-KIT/redis
opstree_runtime_revision=8a6d56bd05d42f05ff1f1f6ccfe1a7b9fbc1ef5f
opstree_license=Apache-2.0
opstree_license_sha256=f64072f188c3dc438dfdf835f0689afa674ceb67c1e7913967588bbdcbbf6fbd
opstree_entrypoint_sha256=ae5ec4e7f10d490dd29d710157819eedb65daee27238afda0f674f0dfde493d9
opstree_healthcheck_sha256=df030d75dc9d82d734421bbd74bd6558dabd2b860123a70c4f54bc507a309be2
opstree_redis_conf_sha256=e27a97cc94603823d8f9fdf548f1bdcacc8aa3e13c433c3789753f13aa1934c8
opstree_setup_master_slave_sha256=13fbdd657f134adb0989f237a927a243b8864378d0c93772af258bf78842a7dd
alpine_image=alpine:3.22@sha256:5291449c3df73caf6ed85e649dec1b9e818b39a5d8c871e97afc13e9cd5e8fa8
